{
	"name": "compatibility-table",
	"lockfileVersion": 3,
	"requires": true,
	"packages": {
		"": {
			"name": "compatibility-table",
			"license": "MIT",
			"dependencies": {
				"@coderline/alphatab": "1.8.4",
				"fflate": "0.8.3"
			},
			"engines": {
				"node": ">=22"
			}
		},
		"node_modules/@coderline/alphatab": {
			"version": "1.8.4",
			"resolved": "https://registry.npmjs.org/@coderline/alphatab/-/alphatab-1.8.4.tgz",
			"integrity": "sha512-VN5rfTZZWgA63Ny1aDKCp02k3Qm9CHhg4Q9AnK0kHm7G+fNDNZo36TeToPDFoJ6VpB9+AHcCrHwHFUP1tKqdsw==",
			"license": "MPL-2.0",
			"engines": {
				"node": ">=6.0.0"
			}
		},
		"node_modules/fflate": {
			"version": "0.8.3",
			"resolved": "https://registry.npmjs.org/fflate/-/fflate-0.8.3.tgz",
			"integrity": "sha512-tbZNuJrLwGUp3zshBtdy4W+ORxZuIh8a5ilyIEQDC5rY1f3U20JMry0Ll3WBzU58EZKsEuJFXhb5gwv8CsPvgA==",
			"license": "MIT"
		}
	}
}
